// !$*UTF8*$!
{
	archiveVersion = 1;
	classes = {
	};
	objectVersion = 50;
	objects = {

/* Begin PBXBuildFile section */
		6326715B25E4F94E00C57E36 /* RegisterVC.swift in Sources */ = {isa = PBXBuildFile; fileRef = 6326715A25E4F94E00C57E36 /* RegisterVC.swift */; };
		6326715D25E4F95F00C57E36 /* LoginVC.swift in Sources */ = {isa = PBXBuildFile; fileRef = 6326715C25E4F95F00C57E36 /* LoginVC.swift */; };
		BA3AB0D025DBD1D100DCC06D /* AppDelegate.swift in Sources */ = {isa = PBXBuildFile; fileRef = BA3AB0CF25DBD1D100DCC06D /* AppDelegate.swift */; };
		BA3AB0D225DBD1D100DCC06D /* SceneDelegate.swift in Sources */ = {isa = PBXBuildFile; fileRef = BA3AB0D125DBD1D100DCC06D /* SceneDelegate.swift */; };
		BA3AB0D725DBD1D100DCC06D /* Main.storyboard in Resources */ = {isa = PBXBuildFile; fileRef = BA3AB0D525DBD1D100DCC06D /* Main.storyboard */; };
		BA3AB0D925DBD1D300DCC06D /* Assets.xcassets in Resources */ = {isa = PBXBuildFile; fileRef = BA3AB0D825DBD1D300DCC06D /* Assets.xcassets */; };
		BA3AB0DC25DBD1D300DCC06D /* LaunchScreen.storyboard in Resources */ = {isa = PBXBuildFile; fileRef = BA3AB0DA25DBD1D300DCC06D /* LaunchScreen.storyboard */; };
		BA3AB0E625DBD46900DCC06D /* MainVC.swift in Sources */ = {isa = PBXBuildFile; fileRef = BA3AB0E525DBD46900DCC06D /* MainVC.swift */; };
		BA3AB0E825DBD4A600DCC06D /* WelcomeVC.swift in Sources */ = {isa = PBXBuildFile; fileRef = BA3AB0E725DBD4A600DCC06D /* WelcomeVC.swift */; };
		BA3AB0EE25EA571400DCC06D /* MainPageVC.swift in Sources */ = {isa = PBXBuildFile; fileRef = BA3AB0ED25EA571400DCC06D /* MainPageVC.swift */; };
		BA3AB0F225EBDD9500DCC06D /* BillsMainVC.swift in Sources */ = {isa = PBXBuildFile; fileRef = BA3AB0F125EBDD9500DCC06D /* BillsMainVC.swift */; };
		BA3AB0F425EBDDB600DCC06D /* AddBillsVC.swift in Sources */ = {isa = PBXBuildFile; fileRef = BA3AB0F325EBDDB600DCC06D /* AddBillsVC.swift */; };
		BA3AB0F625EBDDD500DCC06D /* ViewBillsVC.swift in Sources */ = {isa = PBXBuildFile; fileRef = BA3AB0F525EBDDD500DCC06D /* ViewBillsVC.swift */; };
		BA3AB0FA25EBDE3A00DCC06D /* ListShopsVC.swift in Sources */ = {isa = PBXBuildFile; fileRef = BA3AB0F925EBDE3A00DCC06D /* ListShopsVC.swift */; };
		BA3AB0FC25EBDE7A00DCC06D /* ChangePasswordVC.swift in Sources */ = {isa = PBXBuildFile; fileRef = BA3AB0FB25EBDE7A00DCC06D /* ChangePasswordVC.swift */; };
		BA3AB0FE25EBE7C400DCC06D /* ChatnNewsVC.swift in Sources */ = {isa = PBXBuildFile; fileRef = BA3AB0FD25EBE7C400DCC06D /* ChatnNewsVC.swift */; };
		F1948932262AFEDE00B4FC2E /* Networking.swift in Sources */ = {isa = PBXBuildFile; fileRef = F1948931262AFEDE00B4FC2E /* Networking.swift */; };
		F1948934262AFF1A00B4FC2E /* Users.swift in Sources */ = {isa = PBXBuildFile; fileRef = F1948933262AFF1A00B4FC2E /* Users.swift */; };
		F1948936262AFF6300B4FC2E /* Login.swift in Sources */ = {isa = PBXBuildFile; fileRef = F1948935262AFF6300B4FC2E /* Login.swift */; };
		F1948938262AFF9800B4FC2E /* ErrorResponse.swift in Sources */ = {isa = PBXBuildFile; fileRef = F1948937262AFF9800B4FC2E /* ErrorResponse.swift */; };
		F194893A262AFFC800B4FC2E /* AlertService.swift in Sources */ = {isa = PBXBuildFile; fileRef = F1948939262AFFC800B4FC2E /* AlertService.swift */; };
/* End PBXBuildFile section */

/* Begin PBXCopyFilesBuildPhase section */
		F17034492629FAEE0065C10C /* Embed Frameworks */ = {
			isa = PBXCopyFilesBuildPhase;
			buildActionMask = 2147483647;
			dstPath = "";
			dstSubfolderSpec = 10;
			files = (
			);
			name = "Embed Frameworks";
			runOnlyForDeploymentPostprocessing = 0;
		};
/* End PBXCopyFilesBuildPhase section */

/* Begin PBXFileReference section */
		6326715A25E4F94E00C57E36 /* RegisterVC.swift */ = {isa = PBXFileReference; lastKnownFileType = sourcecode.swift; path = RegisterVC.swift; sourceTree = "<group>"; };
		6326715C25E4F95F00C57E36 /* LoginVC.swift */ = {isa = PBXFileReference; lastKnownFileType = sourcecode.swift; path = LoginVC.swift; sourceTree = "<group>"; };
		BA3AB0CC25DBD1D100DCC06D /* Nghbrhood.app */ = {isa = PBXFileReference; explicitFileType = wrapper.application; includeInIndex = 0; path = Nghbrhood.app; sourceTree = BUILT_PRODUCTS_DIR; };
		BA3AB0CF25DBD1D100DCC06D /* AppDelegate.swift */ = {isa = PBXFileReference; lastKnownFileType = sourcecode.swift; path = AppDelegate.swift; sourceTree = "<group>"; };
		BA3AB0D125DBD1D100DCC06D /* SceneDelegate.swift */ = {isa = PBXFileReference; lastKnownFileType = sourcecode.swift; path = SceneDelegate.swift; sourceTree = "<group>"; };
		BA3AB0D625DBD1D100DCC06D /* Base */ = {isa = PBXFileReference; lastKnownFileType = file.storyboard; name = Base; path = Base.lproj/Main.storyboard; sourceTree = "<group>"; };
		BA3AB0D825DBD1D300DCC06D /* Assets.xcassets */ = {isa = PBXFileReference; lastKnownFileType = folder.assetcatalog; path = Assets.xcassets; sourceTree = "<group>"; };
		BA3AB0DB25DBD1D300DCC06D /* Base */ = {isa = PBXFileReference; lastKnownFileType = file.storyboard; name = Base; path = Base.lproj/LaunchScreen.storyboard; sourceTree = "<group>"; };
		BA3AB0DD25DBD1D300DCC06D /* Info.plist */ = {isa = PBXFileReference; lastKnownFileType = text.plist.xml; path = Info.plist; sourceTree = "<group>"; };
		BA3AB0E525DBD46900DCC06D /* MainVC.swift */ = {isa = PBXFileReference; lastKnownFileType = sourcecode.swift; path = MainVC.swift; sourceTree = "<group>"; };
		BA3AB0E725DBD4A600DCC06D /* WelcomeVC.swift */ = {isa = PBXFileReference; lastKnownFileType = sourcecode.swift; path = WelcomeVC.swift; sourceTree = "<group>"; };
		BA3AB0ED25EA571400DCC06D /* MainPageVC.swift */ = {isa = PBXFileReference; lastKnownFileType = sourcecode.swift; path = MainPageVC.swift; sourceTree = "<group>"; };
		BA3AB0F125EBDD9500DCC06D /* BillsMainVC.swift */ = {isa = PBXFileReference; lastKnownFileType = sourcecode.swift; path = BillsMainVC.swift; sourceTree = "<group>"; };
		BA3AB0F325EBDDB600DCC06D /* AddBillsVC.swift */ = {isa = PBXFileReference; lastKnownFileType = sourcecode.swift; path = AddBillsVC.swift; sourceTree = "<group>"; };
		BA3AB0F525EBDDD500DCC06D /* ViewBillsVC.swift */ = {isa = PBXFileReference; lastKnownFileType = sourcecode.swift; path = ViewBillsVC.swift; sourceTree = "<group>"; };
		BA3AB0F925EBDE3A00DCC06D /* ListShopsVC.swift */ = {isa = PBXFileReference; lastKnownFileType = sourcecode.swift; path = ListShopsVC.swift; sourceTree = "<group>"; };
		BA3AB0FB25EBDE7A00DCC06D /* ChangePasswordVC.swift */ = {isa = PBXFileReference; lastKnownFileType = sourcecode.swift; path = ChangePasswordVC.swift; sourceTree = "<group>"; };
		BA3AB0FD25EBE7C400DCC06D /* ChatnNewsVC.swift */ = {isa = PBXFileReference; lastKnownFileType = sourcecode.swift; path = ChatnNewsVC.swift; sourceTree = "<group>"; };
		F1948931262AFEDE00B4FC2E /* Networking.swift */ = {isa = PBXFileReference; lastKnownFileType = sourcecode.swift; path = Networking.swift; sourceTree = "<group>"; };
		F1948933262AFF1A00B4FC2E /* Users.swift */ = {isa = PBXFileReference; lastKnownFileType = sourcecode.swift; path = Users.swift; sourceTree = "<group>"; };
		F1948935262AFF6300B4FC2E /* Login.swift */ = {isa = PBXFileReference; lastKnownFileType = sourcecode.swift; path = Login.swift; sourceTree = "<group>"; };
		F1948937262AFF9800B4FC2E /* ErrorResponse.swift */ = {isa = PBXFileReference; lastKnownFileType = sourcecode.swift; path = ErrorResponse.swift; sourceTree = "<group>"; };
		F1948939262AFFC800B4FC2E /* AlertService.swift */ = {isa = PBXFileReference; lastKnownFileType = sourcecode.swift; path = AlertService.swift; sourceTree = "<group>"; };
/* End PBXFileReference section */

/* Begin PBXFrameworksBuildPhase section */
		BA3AB0C925DBD1D100DCC06D /* Frameworks */ = {
			isa = PBXFrameworksBuildPhase;
			buildActionMask = 2147483647;
			files = (
			);
			runOnlyForDeploymentPostprocessing = 0;
		};
/* End PBXFrameworksBuildPhase section */

/* Begin PBXGroup section */
		BA3AB0C325DBD1D100DCC06D = {
			isa = PBXGroup;
			children = (
				BA3AB0CE25DBD1D100DCC06D /* Nghbrhood */,
				BA3AB0CD25DBD1D100DCC06D /* Products */,
			);
			sourceTree = "<group>";
		};
		BA3AB0CD25DBD1D100DCC06D /* Products */ = {
			isa = PBXGroup;
			children = (
				BA3AB0CC25DBD1D100DCC06D /* Nghbrhood.app */,
			);
			name = Products;
			sourceTree = "<group>";
		};
		BA3AB0CE25DBD1D100DCC06D /* Nghbrhood */ = {
			isa = PBXGroup;
			children = (
				F1948922262ABEF800B4FC2E /* Services */,
				F1ADEB852629C6B5006D68B3 /* ViewControllers */,
				BA3AB0CF25DBD1D100DCC06D /* AppDelegate.swift */,
				BA3AB0D125DBD1D100DCC06D /* SceneDelegate.swift */,
				BA3AB0D525DBD1D100DCC06D /* Main.storyboard */,
				BA3AB0D825DBD1D300DCC06D /* Assets.xcassets */,
				BA3AB0DA25DBD1D300DCC06D /* LaunchScreen.storyboard */,
				BA3AB0DD25DBD1D300DCC06D /* Info.plist */,
			);
			path = Nghbrhood;
			sourceTree = "<group>";
		};
		F1948922262ABEF800B4FC2E /* Services */ = {
			isa = PBXGroup;
			children = (
				F1948931262AFEDE00B4FC2E /* Networking.swift */,
				F1948933262AFF1A00B4FC2E /* Users.swift */,
				F1948935262AFF6300B4FC2E /* Login.swift */,
				F1948937262AFF9800B4FC2E /* ErrorResponse.swift */,
				F1948939262AFFC800B4FC2E /* AlertService.swift */,
			);
			path = Services;
			sourceTree = "<group>";
		};
		F1ADEB852629C6B5006D68B3 /* ViewControllers */ = {
			isa = PBXGroup;
			children = (
				BA3AB0E725DBD4A600DCC06D /* WelcomeVC.swift */,
				BA3AB0E525DBD46900DCC06D /* MainVC.swift */,
				BA3AB0ED25EA571400DCC06D /* MainPageVC.swift */,
				6326715A25E4F94E00C57E36 /* RegisterVC.swift */,
				6326715C25E4F95F00C57E36 /* LoginVC.swift */,
				BA3AB0FD25EBE7C400DCC06D /* ChatnNewsVC.swift */,
				BA3AB0FB25EBDE7A00DCC06D /* ChangePasswordVC.swift */,
				BA3AB0F325EBDDB600DCC06D /* AddBillsVC.swift */,
				BA3AB0F125EBDD9500DCC06D /* BillsMainVC.swift */,
				BA3AB0F925EBDE3A00DCC06D /* ListShopsVC.swift */,
				BA3AB0F525EBDDD500DCC06D /* ViewBillsVC.swift */,
			);
			path = ViewControllers;
			sourceTree = "<group>";
		};
/* End PBXGroup section */

/* Begin PBXNativeTarget section */
		BA3AB0CB25DBD1D100DCC06D /* Nghbrhood */ = {
			isa = PBXNativeTarget;
			buildConfigurationList = BA3AB0E025DBD1D300DCC06D /* Build configuration list for PBXNativeTarget "Nghbrhood" */;
			buildPhases = (
				BA3AB0C825DBD1D100DCC06D /* Sources */,
				BA3AB0C925DBD1D100DCC06D /* Frameworks */,
				BA3AB0CA25DBD1D100DCC06D /* Resources */,
				F17034492629FAEE0065C10C /* Embed Frameworks */,
			);
			buildRules = (
			);
			dependencies = (
			);
			name = Nghbrhood;
			productName = Nghbrhood;
			productReference = BA3AB0CC25DBD1D100DCC06D /* Nghbrhood.app */;
			productType = "com.apple.product-type.application";
		};
/* End PBXNativeTarget section */

/* Begin PBXProject section */
		BA3AB0C425DBD1D100DCC06D /* Project object */ = {
			isa = PBXProject;
			attributes = {
				LastSwiftUpdateCheck = 1130;
				LastUpgradeCheck = 1240;
				ORGANIZATIONNAME = Nghbrhood;
				TargetAttributes = {
					BA3AB0CB25DBD1D100DCC06D = {
						CreatedOnToolsVersion = 11.3.1;
					};
				};
			};
			buildConfigurationList = BA3AB0C725DBD1D100DCC06D /* Build configuration list for PBXProject "Nghbrhood" */;
			compatibilityVersion = "Xcode 9.3";
			developmentRegion = en;
			hasScannedForEncodings = 0;
			knownRegions = (
				en,
				Base,
			);
			mainGroup = BA3AB0C325DBD1D100DCC06D;
			productRefGroup = BA3AB0CD25DBD1D100DCC06D /* Products */;
			projectDirPath = "";
			projectRoot = "";
			targets = (
				BA3AB0CB25DBD1D100DCC06D /* Nghbrhood */,
			);
		};
/* End PBXProject section */

/* Begin PBXResourcesBuildPhase section */
		BA3AB0CA25DBD1D100DCC06D /* Resources */ = {
			isa = PBXResourcesBuildPhase;
			buildActionMask = 2147483647;
			files = (
				BA3AB0DC25DBD1D300DCC06D /* LaunchScreen.storyboard in Resources */,
				BA3AB0D925DBD1D300DCC06D /* Assets.xcassets in Resources */,
				BA3AB0D725DBD1D100DCC06D /* Main.storyboard in Resources */,
			);
			runOnlyForDeploymentPostprocessing = 0;
		};
/* End PBXResourcesBuildPhase section */

/* Begin PBXSourcesBuildPhase section */
		BA3AB0C825DBD1D100DCC06D /* Sources */ = {
			isa = PBXSourcesBuildPhase;
			buildActionMask = 2147483647;
			files = (
				BA3AB0FE25EBE7C400DCC06D /* ChatnNewsVC.swift in Sources */,
				BA3AB0E625DBD46900DCC06D /* MainVC.swift in Sources */,
				BA3AB0FA25EBDE3A00DCC06D /* ListShopsVC.swift in Sources */,
				BA3AB0D025DBD1D100DCC06D /* AppDelegate.swift in Sources */,
				6326715D25E4F95F00C57E36 /* LoginVC.swift in Sources */,
				BA3AB0FC25EBDE7A00DCC06D /* ChangePasswordVC.swift in Sources */,
				BA3AB0EE25EA571400DCC06D /* MainPageVC.swift in Sources */,
				F1948938262AFF9800B4FC2E /* ErrorResponse.swift in Sources */,
				F1948934262AFF1A00B4FC2E /* Users.swift in Sources */,
				BA3AB0F425EBDDB600DCC06D /* AddBillsVC.swift in Sources */,
				BA3AB0F625EBDDD500DCC06D /* ViewBillsVC.swift in Sources */,
				BA3AB0E825DBD4A600DCC06D /* WelcomeVC.swift in Sources */,
				BA3AB0F225EBDD9500DCC06D /* BillsMainVC.swift in Sources */,
				BA3AB0D225DBD1D100DCC06D /* SceneDelegate.swift in Sources */,
				6326715B25E4F94E00C57E36 /* RegisterVC.swift in Sources */,
				F1948932262AFEDE00B4FC2E /* Networking.swift in Sources */,
				F194893A262AFFC800B4FC2E /* AlertService.swift in Sources */,
				F1948936262AFF6300B4FC2E /* Login.swift in Sources */,
			);
			runOnlyForDeploymentPostprocessing = 0;
		};
/* End PBXSourcesBuildPhase section */

/* Begin PBXVariantGroup section */
		BA3AB0D525DBD1D100DCC06D /* Main.storyboard */ = {
			isa = PBXVariantGroup;
			children = (
				BA3AB0D625DBD1D100DCC06D /* Base */,
			);
			name = Main.storyboard;
			sourceTree = "<group>";
		};
		BA3AB0DA25DBD1D300DCC06D /* LaunchScreen.storyboard */ = {
			isa = PBXVariantGroup;
			children = (
				BA3AB0DB25DBD1D300DCC06D /* Base */,
			);
			name = LaunchScreen.storyboard;
			sourceTree = "<group>";
		};
/* End PBXVariantGroup section */

/* Begin XCBuildConfiguration section */
		BA3AB0DE25DBD1D300DCC06D /* Debug */ = {
			isa = XCBuildConfiguration;
			buildSettings = {
				ALWAYS_SEARCH_USER_PATHS = NO;
				CLANG_ANALYZER_NONNULL = YES;
				CLANG_ANALYZER_NUMBER_OBJECT_CONVERSION = YES_AGGRESSIVE;
				CLANG_CXX_LANGUAGE_STANDARD = "gnu++14";
				CLANG_CXX_LIBRARY = "libc++";
				CLANG_ENABLE_MODULES = YES;
				CLANG_ENABLE_OBJC_ARC = YES;
				CLANG_ENABLE_OBJC_WEAK = YES;
				CLANG_WARN_BLOCK_CAPTURE_AUTORELEASING = YES;
				CLANG_WARN_BOOL_CONVERSION = YES;
				CLANG_WARN_COMMA = YES;
				CLANG_WARN_CONSTANT_CONVERSION = YES;
				CLANG_WARN_DEPRECATED_OBJC_IMPLEMENTATIONS = YES;
				CLANG_WARN_DIRECT_OBJC_ISA_USAGE = YES_ERROR;
				CLANG_WARN_DOCUMENTATION_COMMENTS = YES;
				CLANG_WARN_EMPTY_BODY = YES;
				CLANG_WARN_ENUM_CONVERSION = YES;
				CLANG_WARN_INFINITE_RECURSION = YES;
				CLANG_WARN_INT_CONVERSION = YES;
				CLANG_WARN_NON_LITERAL_NULL_CONVERSION = YES;
				CLANG_WARN_OBJC_IMPLICIT_RETAIN_SELF = YES;
				CLANG_WARN_OBJC_LITERAL_CONVERSION = YES;
				CLANG_WARN_OBJC_ROOT_CLASS = YES_ERROR;
				CLANG_WARN_QUOTED_INCLUDE_IN_FRAMEWORK_HEADER = YES;
				CLANG_WARN_RANGE_LOOP_ANALYSIS = YES;
				CLANG_WARN_STRICT_PROTOTYPES = YES;
				CLANG_WARN_SUSPICIOUS_MOVE = YES;
				CLANG_WARN_UNGUARDED_AVAILABILITY = YES_AGGRESSIVE;
				CLANG_WARN_UNREACHABLE_CODE = YES;
				CLANG_WARN__DUPLICATE_METHOD_MATCH = YES;
				COPY_PHASE_STRIP = NO;
				DEBUG_INFORMATION_FORMAT = dwarf;
				ENABLE_STRICT_OBJC_MSGSEND = YES;
				ENABLE_TESTABILITY = YES;
				GCC_C_LANGUAGE_STANDARD = gnu11;
				GCC_DYNAMIC_NO_PIC = NO;
				GCC_NO_COMMON_BLOCKS = YES;
				GCC_OPTIMIZATION_LEVEL = 0;
				GCC_PREPROCESSOR_DEFINITIONS = (
					"DEBUG=1",
					"$(inherited)",
				);
				GCC_WARN_64_TO_32_BIT_CONVERSION = YES;
				GCC_WARN_ABOUT_RETURN_TYPE = YES_ERROR;
				GCC_WARN_UNDECLARED_SELECTOR = YES;
				GCC_WARN_UNINITIALIZED_AUTOS = YES_AGGRESSIVE;
				GCC_WARN_UNUSED_FUNCTION = YES;
				GCC_WARN_UNUSED_VARIABLE = YES;
				IPHONEOS_DEPLOYMENT_TARGET = 13.2;
				MTL_ENABLE_DEBUG_INFO = INCLUDE_SOURCE;
				MTL_FAST_MATH = YES;
				ONLY_ACTIVE_ARCH = YES;
				SDKROOT = iphoneos;
				SWIFT_ACTIVE_COMPILATION_CONDITIONS = DEBUG;
				SWIFT_OPTIMIZATION_LEVEL = "-Onone";
			};
			name = Debug;
		};
		BA3AB0DF25DBD1D300DCC06D /* Release */ = {
			isa = XCBuildConfiguration;
			buildSettings = {
				ALWAYS_SEARCH_USER_PATHS = NO;
				CLANG_ANALYZER_NONNULL = YES;
				CLANG_ANALYZER_NUMBER_OBJECT_CONVERSION = YES_AGGRESSIVE;
				CLANG_CXX_LANGUAGE_STANDARD = "gnu++14";
				CLANG_CXX_LIBRARY = "libc++";
				CLANG_ENABLE_MODULES = YES;
				CLANG_ENABLE_OBJC_ARC = YES;
				CLANG_ENABLE_OBJC_WEAK = YES;
				CLANG_WARN_BLOCK_CAPTURE_AUTORELEASING = YES;
				CLANG_WARN_BOOL_CONVERSION = YES;
				CLANG_WARN_COMMA = YES;
				CLANG_WARN_CONSTANT_CONVERSION = YES;
				CLANG_WARN_DEPRECATED_OBJC_IMPLEMENTATIONS = YES;
				CLANG_WARN_DIRECT_OBJC_ISA_USAGE = YES_ERROR;
				CLANG_WARN_DOCUMENTATION_COMMENTS = YES;
				CLANG_WARN_EMPTY_BODY = YES;
				CLANG_WARN_ENUM_CONVERSION = YES;
				CLANG_WARN_INFINITE_RECURSION = YES;
				CLANG_WARN_INT_CONVERSION = YES;
				CLANG_WARN_NON_LITERAL_NULL_CONVERSION = YES;
				CLANG_WARN_OBJC_IMPLICIT_RETAIN_SELF = YES;
				CLANG_WARN_OBJC_LITERAL_CONVERSION = YES;
				CLANG_WARN_OBJC_ROOT_CLASS = YES_ERROR;
				CLANG_WARN_QUOTED_INCLUDE_IN_FRAMEWORK_HEADER = YES;
				CLANG_WARN_RANGE_LOOP_ANALYSIS = YES;
				CLANG_WARN_STRICT_PROTOTYPES = YES;
				CLANG_WARN_SUSPICIOUS_MOVE = YES;
				CLANG_WARN_UNGUARDED_AVAILABILITY = YES_AGGRESSIVE;
				CLANG_WARN_UNREACHABLE_CODE = YES;
				CLANG_WARN__DUPLICATE_METHOD_MATCH = YES;
				COPY_PHASE_STRIP = NO;
				DEBUG_INFORMATION_FORMAT = "dwarf-with-dsym";
				ENABLE_NS_ASSERTIONS = NO;
				ENABLE_STRICT_OBJC_MSGSEND = YES;
				GCC_C_LANGUAGE_STANDARD = gnu11;
				GCC_NO_COMMON_BLOCKS = YES;
				GCC_WARN_64_TO_32_BIT_CONVERSION = YES;
				GCC_WARN_ABOUT_RETURN_TYPE = YES_ERROR;
				GCC_WARN_UNDECLARED_SELECTOR = YES;
				GCC_WARN_UNINITIALIZED_AUTOS = YES_AGGRESSIVE;
				GCC_WARN_UNUSED_FUNCTION = YES;
				GCC_WARN_UNUSED_VARIABLE = YES;
				IPHONEOS_DEPLOYMENT_TARGET = 13.2;
				MTL_ENABLE_DEBUG_INFO = NO;
				MTL_FAST_MATH = YES;
				ONLY_ACTIVE_ARCH = YES;
				SDKROOT = iphoneos;
				SWIFT_COMPILATION_MODE = wholemodule;
				SWIFT_OPTIMIZATION_LEVEL = "-O";
				VALIDATE_PRODUCT = YES;
			};
			name = Release;
		};
		BA3AB0E125DBD1D300DCC06D /* Debug */ = {
			isa = XCBuildConfiguration;
			buildSettings = {
				ASSETCATALOG_COMPILER_APPICON_NAME = AppIcon;
				CODE_SIGN_STYLE = Automatic;
				INFOPLIST_FILE = Nghbrhood/Info.plist;
				LD_RUNPATH_SEARCH_PATHS = (
					"$(inherited)",
					"@executable_path/Frameworks",
				);
				PRODUCT_BUNDLE_IDENTIFIER = com.neighborhood.Nghbrhood;
				PRODUCT_NAME = "$(TARGET_NAME)";
				SWIFT_VERSION = 5.0;
				TARGETED_DEVICE_FAMILY = "1,2";
				VALIDATE_WORKSPACE = YES;
			};
			name = Debug;
		};
		BA3AB0E225DBD1D300DCC06D /* Release */ = {
			isa = XCBuildConfiguration;
			buildSettings = {
				ASSETCATALOG_COMPILER_APPICON_NAME = AppIcon;
				CODE_SIGN_STYLE = Automatic;
				INFOPLIST_FILE = Nghbrhood/Info.plist;
				LD_RUNPATH_SEARCH_PATHS = (
					"$(inherited)",
					"@executable_path/Frameworks",
				);
				PRODUCT_BUNDLE_IDENTIFIER = com.neighborhood.Nghbrhood;
				PRODUCT_NAME = "$(TARGET_NAME)";
				SWIFT_VERSION = 5.0;
				TARGETED_DEVICE_FAMILY = "1,2";
				VALIDATE_WORKSPACE = YES;
			};
			name = Release;
		};
/* End XCBuildConfiguration section */

/* Begin XCConfigurationList section */
		BA3AB0C725DBD1D100DCC06D /* Build configuration list for PBXProject "Nghbrhood" */ = {
			isa = XCConfigurationList;
			buildConfigurations = (
				BA3AB0DE25DBD1D300DCC06D /* Debug */,
				BA3AB0DF25DBD1D300DCC06D /* Release */,
			);
			defaultConfigurationIsVisible = 0;
			defaultConfigurationName = Release;
		};
		BA3AB0E025DBD1D300DCC06D /* Build configuration list for PBXNativeTarget "Nghbrhood" */ = {
			isa = XCConfigurationList;
			buildConfigurations = (
				BA3AB0E125DBD1D300DCC06D /* Debug */,
				BA3AB0E225DBD1D300DCC06D /* Release */,
			);
			defaultConfigurationIsVisible = 0;
			defaultConfigurationName = Release;
		};
/* End XCConfigurationList section */
	};
	rootObject = BA3AB0C425DBD1D100DCC06D /* Project object */;
}
